Microsoft Visual Studio Solution File, Format Version 12.00
# Visual Studio Version 16
VisualStudioVersion = 16.0.29123.88
MinimumVisualStudioVersion = 10.0.40219.1
Project("{9A19103F-16F7-4668-BE54-9A1E7A4F7556}") = "GooglePlacesApi", "GooglePlacesApi\GooglePlacesApi.csproj", "{3621E95C-3B04-464C-9AE7-DC259FD654FE}"
EndProject
Project("{9A19103F-16F7-4668-BE54-9A1E7A4F7556}") = "GooglePlacesApi.Abstractions", "GooglePlacesApi.Abstractions\GooglePlacesApi.Abstractions.csproj", "{AEE7AA46-2B24-4D8F-8CFF-3B9B6C62259F}"
EndProject
Project("{9A19103F-16F7-4668-BE54-9A1E7A4F7556}") = "GooglePlacesApi.Tests", "GooglePlacesApi.Tests\GooglePlacesApi.Tests.csproj", "{C777A6CD-1F70-4F9E-9635-DAFCF284CDF5}"
EndProject
Project("{2150E333-8FDC-42A3-9474-1A3956D46DE8}") = "Samples", "Samples", "{444728D4-DFB6-4CD0-B52A-C79665AB1542}"
EndProject
Project("{2150E333-8FDC-42A3-9474-1A3956D46DE8}") = "Solution Items", "Solution Items", "{EA7934FB-5C2E-4D52-A4F7-DB62E5FE75B0}"
	ProjectSection(SolutionItems) = preProject
		..\README.md = ..\README.md
	EndProjectSection
EndProject
Project("{9A19103F-16F7-4668-BE54-9A1E7A4F7556}") = "GooglePlacesApi.TestConsole", "samples\GooglePlacesApi.TestConsole\GooglePlacesApi.TestConsole.csproj", "{29191904-3FE7-4523-A5C1-95A2F6D94B28}"
EndProject
Project("{2150E333-8FDC-42A3-9474-1A3956D46DE8}") = "Xamarin.Forms", "Xamarin.Forms", "{D85AE287-27F6-4064-8808-295F1C47A202}"
EndProject
Project("{9A19103F-16F7-4668-BE54-9A1E7A4F7556}") = "StoreLocator", "samples\Xamarin.Forms\StoreLocator\StoreLocator.csproj", "{410C1D21-F446-4BAB-8386-BF4046B66872}"
EndProject
Project("{FAE04EC0-301F-11D3-BF4B-00C04F79EFBC}") = "StoreLocator.Android", "samples\Xamarin.Forms\StoreLocator.Android\StoreLocator.Android.csproj", "{64CDCFE6-A151-423D-9368-74FF884EC24E}"
EndProject
Project("{FAE04EC0-301F-11D3-BF4B-00C04F79EFBC}") = "StoreLocator.iOS", "samples\Xamarin.Forms\StoreLocator.iOS\StoreLocator.iOS.csproj", "{E9B73103-B817-43B7-8C5C-EE0BE608DC22}"
EndProject
Global
	GlobalSection(SolutionConfigurationPlatforms) = preSolution
		Ad-Hoc|Any CPU = Ad-Hoc|Any CPU
		Ad-Hoc|iPhone = Ad-Hoc|iPhone
		Ad-Hoc|iPhoneSimulator = Ad-Hoc|iPhoneSimulator
		AppStore|Any CPU = AppStore|Any CPU
		AppStore|iPhone = AppStore|iPhone
		AppStore|iPhoneSimulator = AppStore|iPhoneSimulator
		Debug|Any CPU = Debug|Any CPU
		Debug|iPhone = Debug|iPhone
		Debug|iPhoneSimulator = Debug|iPhoneSimulator
		IntegrationTest|Any CPU = IntegrationTest|Any CPU
		IntegrationTest|iPhone = IntegrationTest|iPhone
		IntegrationTest|iPhoneSimulator = IntegrationTest|iPhoneSimulator
		Release|Any CPU = Release|Any CPU
		Release|iPhone = Release|iPhone
		Release|iPhoneSimulator = Release|iPhoneSimulator
	EndGlobalSection
	GlobalSection(ProjectConfigurationPlatforms) = postSolution
		{3621E95C-3B04-464C-9AE7-DC259FD654FE}.Ad-Hoc|Any CPU.ActiveCfg = Release|Any CPU
		{3621E95C-3B04-464C-9AE7-DC259FD654FE}.Ad-Hoc|Any CPU.Build.0 = Release|Any CPU
		{3621E95C-3B04-464C-9AE7-DC259FD654FE}.Ad-Hoc|iPhone.ActiveCfg = Release|Any CPU
		{3621E95C-3B04-464C-9AE7-DC259FD654FE}.Ad-Hoc|iPhone.Build.0 = Release|Any CPU
		{3621E95C-3B04-464C-9AE7-DC259FD654FE}.Ad-Hoc|iPhoneSimulator.ActiveCfg = Release|Any CPU
		{3621E95C-3B04-464C-9AE7-DC259FD654FE}.Ad-Hoc|iPhoneSimulator.Build.0 = Release|Any CPU
		{3621E95C-3B04-464C-9AE7-DC259FD654FE}.AppStore|Any CPU.ActiveCfg = Release|Any CPU
		{3621E95C-3B04-464C-9AE7-DC259FD654FE}.AppStore|Any CPU.Build.0 = Release|Any CPU
		{3621E95C-3B04-464C-9AE7-DC259FD654FE}.AppStore|iPhone.ActiveCfg = Release|Any CPU
		{3621E95C-3B04-464C-9AE7-DC259FD654FE}.AppStore|iPhone.Build.0 = Release|Any CPU
		{3621E95C-3B04-464C-9AE7-DC259FD654FE}.AppStore|iPhoneSimulator.ActiveCfg = Release|Any CPU
		{3621E95C-3B04-464C-9AE7-DC259FD654FE}.AppStore|iPhoneSimulator.Build.0 = Release|Any CPU
		{3621E95C-3B04-464C-9AE7-DC259FD654FE}.Debug|Any CPU.ActiveCfg = Debug|Any CPU
		{3621E95C-3B04-464C-9AE7-DC259FD654FE}.Debug|Any CPU.Build.0 = Debug|Any CPU
		{3621E95C-3B04-464C-9AE7-DC259FD654FE}.Debug|iPhone.ActiveCfg = Debug|Any CPU
		{3621E95C-3B04-464C-9AE7-DC259FD654FE}.Debug|iPhone.Build.0 = Debug|Any CPU
		{3621E95C-3B04-464C-9AE7-DC259FD654FE}.Debug|iPhoneSimulator.ActiveCfg = Debug|Any CPU
		{3621E95C-3B04-464C-9AE7-DC259FD654FE}.Debug|iPhoneSimulator.Build.0 = Debug|Any CPU
		{3621E95C-3B04-464C-9AE7-DC259FD654FE}.IntegrationTest|Any CPU.ActiveCfg = Debug|Any CPU
		{3621E95C-3B04-464C-9AE7-DC259FD654FE}.IntegrationTest|Any CPU.Build.0 = Debug|Any CPU
		{3621E95C-3B04-464C-9AE7-DC259FD654FE}.IntegrationTest|iPhone.ActiveCfg = Release|Any CPU
		{3621E95C-3B04-464C-9AE7-DC259FD654FE}.IntegrationTest|iPhone.Build.0 = Release|Any CPU
		{3621E95C-3B04-464C-9AE7-DC259FD654FE}.IntegrationTest|iPhoneSimulator.ActiveCfg = Release|Any CPU
		{3621E95C-3B04-464C-9AE7-DC259FD654FE}.IntegrationTest|iPhoneSimulator.Build.0 = Release|Any CPU
		{3621E95C-3B04-464C-9AE7-DC259FD654FE}.Release|Any CPU.ActiveCfg = Release|Any CPU
		{3621E95C-3B04-464C-9AE7-DC259FD654FE}.Release|Any CPU.Build.0 = Release|Any CPU
		{3621E95C-3B04-464C-9AE7-DC259FD654FE}.Release|iPhone.ActiveCfg = Release|Any CPU
		{3621E95C-3B04-464C-9AE7-DC259FD654FE}.Release|iPhone.Build.0 = Release|Any CPU
		{3621E95C-3B04-464C-9AE7-DC259FD654FE}.Release|iPhoneSimulator.ActiveCfg = Release|Any CPU
		{3621E95C-3B04-464C-9AE7-DC259FD654FE}.Release|iPhoneSimulator.Build.0 = Release|Any CPU
		{AEE7AA46-2B24-4D8F-8CFF-3B9B6C62259F}.Ad-Hoc|Any CPU.ActiveCfg = Release|Any CPU
		{AEE7AA46-2B24-4D8F-8CFF-3B9B6C62259F}.Ad-Hoc|Any CPU.Build.0 = Release|Any CPU
		{AEE7AA46-2B24-4D8F-8CFF-3B9B6C62259F}.Ad-Hoc|iPhone.ActiveCfg = Release|Any CPU
		{AEE7AA46-2B24-4D8F-8CFF-3B9B6C62259F}.Ad-Hoc|iPhone.Build.0 = Release|Any CPU
		{AEE7AA46-2B24-4D8F-8CFF-3B9B6C62259F}.Ad-Hoc|iPhoneSimulator.ActiveCfg = Release|Any CPU
		{AEE7AA46-2B24-4D8F-8CFF-3B9B6C62259F}.Ad-Hoc|iPhoneSimulator.Build.0 = Release|Any CPU
		{AEE7AA46-2B24-4D8F-8CFF-3B9B6C62259F}.AppStore|Any CPU.ActiveCfg = Release|Any CPU
		{AEE7AA46-2B24-4D8F-8CFF-3B9B6C62259F}.AppStore|Any CPU.Build.0 = Release|Any CPU
		{AEE7AA46-2B24-4D8F-8CFF-3B9B6C62259F}.AppStore|iPhone.ActiveCfg = Release|Any CPU
		{AEE7AA46-2B24-4D8F-8CFF-3B9B6C62259F}.AppStore|iPhone.Build.0 = Release|Any CPU
		{AEE7AA46-2B24-4D8F-8CFF-3B9B6C62259F}.AppStore|iPhoneSimulator.ActiveCfg = Release|Any CPU
		{AEE7AA46-2B24-4D8F-8CFF-3B9B6C62259F}.AppStore|iPhoneSimulator.Build.0 = Release|Any CPU
		{AEE7AA46-2B24-4D8F-8CFF-3B9B6C62259F}.Debug|Any CPU.ActiveCfg = Debug|Any CPU
		{AEE7AA46-2B24-4D8F-8CFF-3B9B6C62259F}.Debug|Any CPU.Build.0 = Debug|Any CPU
		{AEE7AA46-2B24-4D8F-8CFF-3B9B6C62259F}.Debug|iPhone.ActiveCfg = Debug|Any CPU
		{AEE7AA46-2B24-4D8F-8CFF-3B9B6C62259F}.Debug|iPhone.Build.0 = Debug|Any CPU
		{AEE7AA46-2B24-4D8F-8CFF-3B9B6C62259F}.Debug|iPhoneSimulator.ActiveCfg = Debug|Any CPU
		{AEE7AA46-2B24-4D8F-8CFF-3B9B6C62259F}.Debug|iPhoneSimulator.Build.0 = Debug|Any CPU
		{AEE7AA46-2B24-4D8F-8CFF-3B9B6C62259F}.IntegrationTest|Any CPU.ActiveCfg = Debug|Any CPU
		{AEE7AA46-2B24-4D8F-8CFF-3B9B6C62259F}.IntegrationTest|Any CPU.Build.0 = Debug|Any CPU
		{AEE7AA46-2B24-4D8F-8CFF-3B9B6C62259F}.IntegrationTest|iPhone.ActiveCfg = Release|Any CPU
		{AEE7AA46-2B24-4D8F-8CFF-3B9B6C62259F}.IntegrationTest|iPhone.Build.0 = Release|Any CPU
		{AEE7AA46-2B24-4D8F-8CFF-3B9B6C62259F}.IntegrationTest|iPhoneSimulator.ActiveCfg = Release|Any CPU
		{AEE7AA46-2B24-4D8F-8CFF-3B9B6C62259F}.IntegrationTest|iPhoneSimulator.Build.0 = Release|Any CPU
		{AEE7AA46-2B24-4D8F-8CFF-3B9B6C62259F}.Release|Any CPU.ActiveCfg = Release|Any CPU
		{AEE7AA46-2B24-4D8F-8CFF-3B9B6C62259F}.Release|Any CPU.Build.0 = Release|Any CPU
		{AEE7AA46-2B24-4D8F-8CFF-3B9B6C62259F}.Release|iPhone.ActiveCfg = Release|Any CPU
		{AEE7AA46-2B24-4D8F-8CFF-3B9B6C62259F}.Release|iPhone.Build.0 = Release|Any CPU
		{AEE7AA46-2B24-4D8F-8CFF-3B9B6C62259F}.Release|iPhoneSimulator.ActiveCfg = Release|Any CPU
		{AEE7AA46-2B24-4D8F-8CFF-3B9B6C62259F}.Release|iPhoneSimulator.Build.0 = Release|Any CPU
		{C777A6CD-1F70-4F9E-9635-DAFCF284CDF5}.Ad-Hoc|Any CPU.ActiveCfg = Release|Any CPU
		{C777A6CD-1F70-4F9E-9635-DAFCF284CDF5}.Ad-Hoc|Any CPU.Build.0 = Release|Any CPU
		{C777A6CD-1F70-4F9E-9635-DAFCF284CDF5}.Ad-Hoc|iPhone.ActiveCfg = Release|Any CPU
		{C777A6CD-1F70-4F9E-9635-DAFCF284CDF5}.Ad-Hoc|iPhone.Build.0 = Release|Any CPU
		{C777A6CD-1F70-4F9E-9635-DAFCF284CDF5}.Ad-Hoc|iPhoneSimulator.ActiveCfg = Release|Any CPU
		{C777A6CD-1F70-4F9E-9635-DAFCF284CDF5}.Ad-Hoc|iPhoneSimulator.Build.0 = Release|Any CPU
		{C777A6CD-1F70-4F9E-9635-DAFCF284CDF5}.AppStore|Any CPU.ActiveCfg = Release|Any CPU
		{C777A6CD-1F70-4F9E-9635-DAFCF284CDF5}.AppStore|Any CPU.Build.0 = Release|Any CPU
		{C777A6CD-1F70-4F9E-9635-DAFCF284CDF5}.AppStore|iPhone.ActiveCfg = Release|Any CPU
		{C777A6CD-1F70-4F9E-9635-DAFCF284CDF5}.AppStore|iPhone.Build.0 = Release|Any CPU
		{C777A6CD-1F70-4F9E-9635-DAFCF284CDF5}.AppStore|iPhoneSimulator.ActiveCfg = Release|Any CPU
		{C777A6CD-1F70-4F9E-9635-DAFCF284CDF5}.AppStore|iPhoneSimulator.Build.0 = Release|Any CPU
		{C777A6CD-1F70-4F9E-9635-DAFCF284CDF5}.Debug|Any CPU.ActiveCfg = Debug|Any CPU
		{C777A6CD-1F70-4F9E-9635-DAFCF284CDF5}.Debug|Any CPU.Build.0 = Debug|Any CPU
		{C777A6CD-1F70-4F9E-9635-DAFCF284CDF5}.Debug|iPhone.ActiveCfg = Debug|Any CPU
		{C777A6CD-1F70-4F9E-9635-DAFCF284CDF5}.Debug|iPhone.Build.0 = Debug|Any CPU
		{C777A6CD-1F70-4F9E-9635-DAFCF284CDF5}.Debug|iPhoneSimulator.ActiveCfg = Debug|Any CPU
		{C777A6CD-1F70-4F9E-9635-DAFCF284CDF5}.Debug|iPhoneSimulator.Build.0 = Debug|Any CPU
		{C777A6CD-1F70-4F9E-9635-DAFCF284CDF5}.IntegrationTest|Any CPU.ActiveCfg = Release|Any CPU
		{C777A6CD-1F70-4F9E-9635-DAFCF284CDF5}.IntegrationTest|Any CPU.Build.0 = Release|Any CPU
		{C777A6CD-1F70-4F9E-9635-DAFCF284CDF5}.IntegrationTest|iPhone.ActiveCfg = Release|Any CPU
		{C777A6CD-1F70-4F9E-9635-DAFCF284CDF5}.IntegrationTest|iPhone.Build.0 = Release|Any CPU
		{C777A6CD-1F70-4F9E-9635-DAFCF284CDF5}.IntegrationTest|iPhoneSimulator.ActiveCfg = Release|Any CPU
		{C777A6CD-1F70-4F9E-9635-DAFCF284CDF5}.IntegrationTest|iPhoneSimulator.Build.0 = Release|Any CPU
		{C777A6CD-1F70-4F9E-9635-DAFCF284CDF5}.Release|Any CPU.ActiveCfg = Release|Any CPU
		{C777A6CD-1F70-4F9E-9635-DAFCF284CDF5}.Release|Any CPU.Build.0 = Release|Any CPU
		{C777A6CD-1F70-4F9E-9635-DAFCF284CDF5}.Release|iPhone.ActiveCfg = Release|Any CPU
		{C777A6CD-1F70-4F9E-9635-DAFCF284CDF5}.Release|iPhone.Build.0 = Release|Any CPU
		{C777A6CD-1F70-4F9E-9635-DAFCF284CDF5}.Release|iPhoneSimulator.ActiveCfg = Release|Any CPU
		{C777A6CD-1F70-4F9E-9635-DAFCF284CDF5}.Release|iPhoneSimulator.Build.0 = Release|Any CPU
		{29191904-3FE7-4523-A5C1-95A2F6D94B28}.Ad-Hoc|Any CPU.ActiveCfg = Release|Any CPU
		{29191904-3FE7-4523-A5C1-95A2F6D94B28}.Ad-Hoc|Any CPU.Build.0 = Release|Any CPU
		{29191904-3FE7-4523-A5C1-95A2F6D94B28}.Ad-Hoc|iPhone.ActiveCfg = Release|Any CPU
		{29191904-3FE7-4523-A5C1-95A2F6D94B28}.Ad-Hoc|iPhone.Build.0 = Release|Any CPU
		{29191904-3FE7-4523-A5C1-95A2F6D94B28}.Ad-Hoc|iPhoneSimulator.ActiveCfg = Release|Any CPU
		{29191904-3FE7-4523-A5C1-95A2F6D94B28}.Ad-Hoc|iPhoneSimulator.Build.0 = Release|Any CPU
		{29191904-3FE7-4523-A5C1-95A2F6D94B28}.AppStore|Any CPU.ActiveCfg = Release|Any CPU
		{29191904-3FE7-4523-A5C1-95A2F6D94B28}.AppStore|Any CPU.Build.0 = Release|Any CPU
		{29191904-3FE7-4523-A5C1-95A2F6D94B28}.AppStore|iPhone.ActiveCfg = Release|Any CPU
		{29191904-3FE7-4523-A5C1-95A2F6D94B28}.AppStore|iPhone.Build.0 = Release|Any CPU
		{29191904-3FE7-4523-A5C1-95A2F6D94B28}.AppStore|iPhoneSimulator.ActiveCfg = Release|Any CPU
		{29191904-3FE7-4523-A5C1-95A2F6D94B28}.AppStore|iPhoneSimulator.Build.0 = Release|Any CPU
		{29191904-3FE7-4523-A5C1-95A2F6D94B28}.Debug|Any CPU.ActiveCfg = Debug|Any CPU
		{29191904-3FE7-4523-A5C1-95A2F6D94B28}.Debug|Any CPU.Build.0 = Debug|Any CPU
		{29191904-3FE7-4523-A5C1-95A2F6D94B28}.Debug|iPhone.ActiveCfg = Debug|Any CPU
		{29191904-3FE7-4523-A5C1-95A2F6D94B28}.Debug|iPhone.Build.0 = Debug|Any CPU
		{29191904-3FE7-4523-A5C1-95A2F6D94B28}.Debug|iPhoneSimulator.ActiveCfg = Debug|Any CPU
		{29191904-3FE7-4523-A5C1-95A2F6D94B28}.Debug|iPhoneSimulator.Build.0 = Debug|Any CPU
		{29191904-3FE7-4523-A5C1-95A2F6D94B28}.IntegrationTest|Any CPU.ActiveCfg = Release|Any CPU
		{29191904-3FE7-4523-A5C1-95A2F6D94B28}.IntegrationTest|Any CPU.Build.0 = Release|Any CPU
		{29191904-3FE7-4523-A5C1-95A2F6D94B28}.IntegrationTest|iPhone.ActiveCfg = Release|Any CPU
		{29191904-3FE7-4523-A5C1-95A2F6D94B28}.IntegrationTest|iPhone.Build.0 = Release|Any CPU
		{29191904-3FE7-4523-A5C1-95A2F6D94B28}.IntegrationTest|iPhoneSimulator.ActiveCfg = Release|Any CPU
		{29191904-3FE7-4523-A5C1-95A2F6D94B28}.IntegrationTest|iPhoneSimulator.Build.0 = Release|Any CPU
		{29191904-3FE7-4523-A5C1-95A2F6D94B28}.Release|Any CPU.ActiveCfg = Release|Any CPU
		{29191904-3FE7-4523-A5C1-95A2F6D94B28}.Release|Any CPU.Build.0 = Release|Any CPU
		{29191904-3FE7-4523-A5C1-95A2F6D94B28}.Release|iPhone.ActiveCfg = Release|Any CPU
		{29191904-3FE7-4523-A5C1-95A2F6D94B28}.Release|iPhone.Build.0 = Release|Any CPU
		{29191904-3FE7-4523-A5C1-95A2F6D94B28}.Release|iPhoneSimulator.ActiveCfg = Release|Any CPU
		{29191904-3FE7-4523-A5C1-95A2F6D94B28}.Release|iPhoneSimulator.Build.0 = Release|Any CPU
		{410C1D21-F446-4BAB-8386-BF4046B66872}.Ad-Hoc|Any CPU.ActiveCfg = Release|Any CPU
		{410C1D21-F446-4BAB-8386-BF4046B66872}.Ad-Hoc|Any CPU.Build.0 = Release|Any CPU
		{410C1D21-F446-4BAB-8386-BF4046B66872}.Ad-Hoc|iPhone.ActiveCfg = Debug|Any CPU
		{410C1D21-F446-4BAB-8386-BF4046B66872}.Ad-Hoc|iPhoneSimulator.ActiveCfg = Release|Any CPU
		{410C1D21-F446-4BAB-8386-BF4046B66872}.Ad-Hoc|iPhoneSimulator.Build.0 = Release|Any CPU
		{410C1D21-F446-4BAB-8386-BF4046B66872}.AppStore|Any CPU.ActiveCfg = Release|Any CPU
		{410C1D21-F446-4BAB-8386-BF4046B66872}.AppStore|Any CPU.Build.0 = Release|Any CPU
		{410C1D21-F446-4BAB-8386-BF4046B66872}.AppStore|iPhone.ActiveCfg = Debug|Any CPU
		{410C1D21-F446-4BAB-8386-BF4046B66872}.AppStore|iPhoneSimulator.ActiveCfg = Release|Any CPU
		{410C1D21-F446-4BAB-8386-BF4046B66872}.AppStore|iPhoneSimulator.Build.0 = Release|Any CPU
		{410C1D21-F446-4BAB-8386-BF4046B66872}.Debug|Any CPU.ActiveCfg = Debug|Any CPU
		{410C1D21-F446-4BAB-8386-BF4046B66872}.Debug|iPhone.ActiveCfg = Debug|Any CPU
		{410C1D21-F446-4BAB-8386-BF4046B66872}.Debug|iPhone.Build.0 = Debug|Any CPU
		{410C1D21-F446-4BAB-8386-BF4046B66872}.Debug|iPhoneSimulator.ActiveCfg = Debug|Any CPU
		{410C1D21-F446-4BAB-8386-BF4046B66872}.Debug|iPhoneSimulator.Build.0 = Debug|Any CPU
		{410C1D21-F446-4BAB-8386-BF4046B66872}.IntegrationTest|Any CPU.ActiveCfg = Debug|Any CPU
		{410C1D21-F446-4BAB-8386-BF4046B66872}.IntegrationTest|iPhone.ActiveCfg = Release|Any CPU
		{410C1D21-F446-4BAB-8386-BF4046B66872}.IntegrationTest|iPhone.Build.0 = Release|Any CPU
		{410C1D21-F446-4BAB-8386-BF4046B66872}.IntegrationTest|iPhoneSimulator.ActiveCfg = Release|Any CPU
		{410C1D21-F446-4BAB-8386-BF4046B66872}.IntegrationTest|iPhoneSimulator.Build.0 = Release|Any CPU
		{410C1D21-F446-4BAB-8386-BF4046B66872}.Release|Any CPU.ActiveCfg = Release|Any CPU
		{410C1D21-F446-4BAB-8386-BF4046B66872}.Release|iPhone.ActiveCfg = Release|Any CPU
		{410C1D21-F446-4BAB-8386-BF4046B66872}.Release|iPhone.Build.0 = Release|Any CPU
		{410C1D21-F446-4BAB-8386-BF4046B66872}.Release|iPhoneSimulator.ActiveCfg = Release|Any CPU
		{410C1D21-F446-4BAB-8386-BF4046B66872}.Release|iPhoneSimulator.Build.0 = Release|Any CPU
		{64CDCFE6-A151-423D-9368-74FF884EC24E}.Ad-Hoc|Any CPU.ActiveCfg = Release|Any CPU
		{64CDCFE6-A151-423D-9368-74FF884EC24E}.Ad-Hoc|Any CPU.Build.0 = Release|Any CPU
		{64CDCFE6-A151-423D-9368-74FF884EC24E}.Ad-Hoc|Any CPU.Deploy.0 = Release|Any CPU
		{64CDCFE6-A151-423D-9368-74FF884EC24E}.Ad-Hoc|iPhone.ActiveCfg = Debug|Any CPU
		{64CDCFE6-A151-423D-9368-74FF884EC24E}.Ad-Hoc|iPhoneSimulator.ActiveCfg = Release|Any CPU
		{64CDCFE6-A151-423D-9368-74FF884EC24E}.Ad-Hoc|iPhoneSimulator.Build.0 = Release|Any CPU
		{64CDCFE6-A151-423D-9368-74FF884EC24E}.Ad-Hoc|iPhoneSimulator.Deploy.0 = Release|Any CPU
		{64CDCFE6-A151-423D-9368-74FF884EC24E}.AppStore|Any CPU.ActiveCfg = Release|Any CPU
		{64CDCFE6-A151-423D-9368-74FF884EC24E}.AppStore|Any CPU.Build.0 = Release|Any CPU
		{64CDCFE6-A151-423D-9368-74FF884EC24E}.AppStore|Any CPU.Deploy.0 = Release|Any CPU
		{64CDCFE6-A151-423D-9368-74FF884EC24E}.AppStore|iPhone.ActiveCfg = Debug|Any CPU
		{64CDCFE6-A151-423D-9368-74FF884EC24E}.AppStore|iPhoneSimulator.ActiveCfg = Release|Any CPU
		{64CDCFE6-A151-423D-9368-74FF884EC24E}.AppStore|iPhoneSimulator.Build.0 = Release|Any CPU
		{64CDCFE6-A151-423D-9368-74FF884EC24E}.AppStore|iPhoneSimulator.Deploy.0 = Release|Any CPU
		{64CDCFE6-A151-423D-9368-74FF884EC24E}.Debug|Any CPU.ActiveCfg = Debug|Any CPU
		{64CDCFE6-A151-423D-9368-74FF884EC24E}.Debug|iPhone.ActiveCfg = Debug|Any CPU
		{64CDCFE6-A151-423D-9368-74FF884EC24E}.Debug|iPhone.Build.0 = Debug|Any CPU
		{64CDCFE6-A151-423D-9368-74FF884EC24E}.Debug|iPhoneSimulator.ActiveCfg = Debug|Any CPU
		{64CDCFE6-A151-423D-9368-74FF884EC24E}.Debug|iPhoneSimulator.Build.0 = Debug|Any CPU
		{64CDCFE6-A151-423D-9368-74FF884EC24E}.IntegrationTest|Any CPU.ActiveCfg = Debug|Any CPU
		{64CDCFE6-A151-423D-9368-74FF884EC24E}.IntegrationTest|iPhone.ActiveCfg = Release|Any CPU
		{64CDCFE6-A151-423D-9368-74FF884EC24E}.IntegrationTest|iPhone.Build.0 = Release|Any CPU
		{64CDCFE6-A151-423D-9368-74FF884EC24E}.IntegrationTest|iPhone.Deploy.0 = Release|Any CPU
		{64CDCFE6-A151-423D-9368-74FF884EC24E}.IntegrationTest|iPhoneSimulator.ActiveCfg = Release|Any CPU
		{64CDCFE6-A151-423D-9368-74FF884EC24E}.IntegrationTest|iPhoneSimulator.Build.0 = Release|Any CPU
		{64CDCFE6-A151-423D-9368-74FF884EC24E}.IntegrationTest|iPhoneSimulator.Deploy.0 = Release|Any CPU
		{64CDCFE6-A151-423D-9368-74FF884EC24E}.Release|Any CPU.ActiveCfg = Release|Any CPU
		{64CDCFE6-A151-423D-9368-74FF884EC24E}.Release|iPhone.ActiveCfg = Release|Any CPU
		{64CDCFE6-A151-423D-9368-74FF884EC24E}.Release|iPhone.Build.0 = Release|Any CPU
		{64CDCFE6-A151-423D-9368-74FF884EC24E}.Release|iPhoneSimulator.ActiveCfg = Release|Any CPU
		{64CDCFE6-A151-423D-9368-74FF884EC24E}.Release|iPhoneSimulator.Build.0 = Release|Any CPU
		{E9B73103-B817-43B7-8C5C-EE0BE608DC22}.Ad-Hoc|Any CPU.ActiveCfg = Ad-Hoc|iPhoneSimulator
		{E9B73103-B817-43B7-8C5C-EE0BE608DC22}.Ad-Hoc|iPhone.ActiveCfg = Ad-Hoc|iPhone
		{E9B73103-B817-43B7-8C5C-EE0BE608DC22}.Ad-Hoc|iPhoneSimulator.ActiveCfg = Ad-Hoc|iPhoneSimulator
		{E9B73103-B817-43B7-8C5C-EE0BE608DC22}.Ad-Hoc|iPhoneSimulator.Build.0 = Ad-Hoc|iPhoneSimulator
		{E9B73103-B817-43B7-8C5C-EE0BE608DC22}.AppStore|Any CPU.ActiveCfg = AppStore|iPhoneSimulator
		{E9B73103-B817-43B7-8C5C-EE0BE608DC22}.AppStore|iPhone.ActiveCfg = AppStore|iPhone
		{E9B73103-B817-43B7-8C5C-EE0BE608DC22}.AppStore|iPhoneSimulator.ActiveCfg = AppStore|iPhoneSimulator
		{E9B73103-B817-43B7-8C5C-EE0BE608DC22}.AppStore|iPhoneSimulator.Build.0 = AppStore|iPhoneSimulator
		{E9B73103-B817-43B7-8C5C-EE0BE608DC22}.Debug|Any CPU.ActiveCfg = Debug|iPhoneSimulator
		{E9B73103-B817-43B7-8C5C-EE0BE608DC22}.Debug|iPhone.ActiveCfg = Debug|iPhone
		{E9B73103-B817-43B7-8C5C-EE0BE608DC22}.Debug|iPhone.Build.0 = Debug|iPhone
		{E9B73103-B817-43B7-8C5C-EE0BE608DC22}.Debug|iPhoneSimulator.ActiveCfg = Debug|iPhoneSimulator
		{E9B73103-B817-43B7-8C5C-EE0BE608DC22}.Debug|iPhoneSimulator.Build.0 = Debug|iPhoneSimulator
		{E9B73103-B817-43B7-8C5C-EE0BE608DC22}.IntegrationTest|Any CPU.ActiveCfg = Debug|iPhoneSimulator
		{E9B73103-B817-43B7-8C5C-EE0BE608DC22}.IntegrationTest|iPhone.ActiveCfg = Release|iPhone
		{E9B73103-B817-43B7-8C5C-EE0BE608DC22}.IntegrationTest|iPhone.Build.0 = Release|iPhone
		{E9B73103-B817-43B7-8C5C-EE0BE608DC22}.IntegrationTest|iPhoneSimulator.ActiveCfg = AppStore|iPhoneSimulator
		{E9B73103-B817-43B7-8C5C-EE0BE608DC22}.IntegrationTest|iPhoneSimulator.Build.0 = AppStore|iPhoneSimulator
		{E9B73103-B817-43B7-8C5C-EE0BE608DC22}.Release|Any CPU.ActiveCfg = Release|iPhoneSimulator
		{E9B73103-B817-43B7-8C5C-EE0BE608DC22}.Release|iPhone.ActiveCfg = Release|iPhone
		{E9B73103-B817-43B7-8C5C-EE0BE608DC22}.Release|iPhone.Build.0 = Release|iPhone
		{E9B73103-B817-43B7-8C5C-EE0BE608DC22}.Release|iPhoneSimulator.ActiveCfg = Release|iPhoneSimulator
		{E9B73103-B817-43B7-8C5C-EE0BE608DC22}.Release|iPhoneSimulator.Build.0 = Release|iPhoneSimulator
	EndGlobalSection
	GlobalSection(SolutionProperties) = preSolution
		HideSolutionNode = FALSE
	EndGlobalSection
	GlobalSection(NestedProjects) = preSolution
		{29191904-3FE7-4523-A5C1-95A2F6D94B28} = {444728D4-DFB6-4CD0-B52A-C79665AB1542}
		{D85AE287-27F6-4064-8808-295F1C47A202} = {444728D4-DFB6-4CD0-B52A-C79665AB1542}
		{410C1D21-F446-4BAB-8386-BF4046B66872} = {D85AE287-27F6-4064-8808-295F1C47A202}
		{64CDCFE6-A151-423D-9368-74FF884EC24E} = {D85AE287-27F6-4064-8808-295F1C47A202}
		{E9B73103-B817-43B7-8C5C-EE0BE608DC22} = {D85AE287-27F6-4064-8808-295F1C47A202}
	EndGlobalSection
	GlobalSection(ExtensibilityGlobals) = postSolution
		SolutionGuid = {62CB7E7B-AE58-4A85-8B8F-B9AF41713DD9}
	EndGlobalSection
EndGlobal
