
Microsoft Visual Studio Solution File, Format Version 12.00
# Visual Studio 2012
Project("{FAE04EC0-301F-11D3-BF4B-00C04F79EFBC}") = "GooglePlacesApi", "GooglePlacesApi\GooglePlacesApi.csproj", "{3621E95C-3B04-464C-9AE7-DC259FD654FE}"
EndProject
Project("{FAE04EC0-301F-11D3-BF4B-00C04F79EFBC}") = "GooglePlacesApi.Abstractions", "GooglePlacesApi.Abstractions\GooglePlacesApi.Abstractions.csproj", "{AEE7AA46-2B24-4D8F-8CFF-3B9B6C62259F}"
EndProject
Project("{FAE04EC0-301F-11D3-BF4B-00C04F79EFBC}") = "GooglePlacesApi.Tests", "GooglePlacesApi.Tests\GooglePlacesApi.Tests.csproj", "{C777A6CD-1F70-4F9E-9635-DAFCF284CDF5}"
EndProject
Project("{2150E333-8FDC-42A3-9474-1A3956D46DE8}") = "Samples", "Samples", "{444728D4-DFB6-4CD0-B52A-C79665AB1542}"
EndProject
Project("{2150E333-8FDC-42A3-9474-1A3956D46DE8}") = "Solution Items", "Solution Items", "{EA7934FB-5C2E-4D52-A4F7-DB62E5FE75B0}"
	ProjectSection(SolutionItems) = preProject
		..\README.md = ..\README.md
	EndProjectSection
EndProject
Project("{FAE04EC0-301F-11D3-BF4B-00C04F79EFBC}") = "GooglePlacesApi.TestConsole", "samples\GooglePlacesApi.TestConsole\GooglePlacesApi.TestConsole.csproj", "{29191904-3FE7-4523-A5C1-95A2F6D94B28}"
EndProject
Project("{2150E333-8FDC-42A3-9474-1A3956D46DE8}") = "Xamarin.Forms", "Xamarin.Forms", "{D85AE287-27F6-4064-8808-295F1C47A202}"
EndProject
Project("{FAE04EC0-301F-11D3-BF4B-00C04F79EFBC}") = "StoreLocator", "samples\Xamarin.Forms\StoreLocator\StoreLocator.csproj", "{410C1D21-F446-4BAB-8386-BF4046B66872}"
EndProject
Project("{FAE04EC0-301F-11D3-BF4B-00C04F79EFBC}") = "StoreLocator.Android", "samples\Xamarin.Forms\StoreLocator.Android\StoreLocator.Android.csproj", "{64CDCFE6-A151-423D-9368-74FF884EC24E}"
EndProject
Project("{FAE04EC0-301F-11D3-BF4B-00C04F79EFBC}") = "StoreLocator.iOS", "samples\Xamarin.Forms\StoreLocator.iOS\StoreLocator.iOS.csproj", "{E9B73103-B817-43B7-8C5C-EE0BE608DC22}"
EndProject
Global
	GlobalSection(SolutionConfigurationPlatforms) = preSolution
		Debug|Any CPU = Debug|Any CPU
		Release|Any CPU = Release|Any CPU
		IntegrationTest|Any CPU = IntegrationTest|Any CPU
		Debug|iPhoneSimulator = Debug|iPhoneSimulator
		Release|iPhoneSimulator = Release|iPhoneSimulator
		Debug|iPhone = Debug|iPhone
		Release|iPhone = Release|iPhone
		Ad-Hoc|iPhone = Ad-Hoc|iPhone
		AppStore|iPhone = AppStore|iPhone
	EndGlobalSection
	GlobalSection(ProjectConfigurationPlatforms) = postSolution
		{3621E95C-3B04-464C-9AE7-DC259FD654FE}.Debug|Any CPU.ActiveCfg = Debug|Any CPU
		{3621E95C-3B04-464C-9AE7-DC259FD654FE}.Debug|Any CPU.Build.0 = Debug|Any CPU
		{3621E95C-3B04-464C-9AE7-DC259FD654FE}.Release|Any CPU.ActiveCfg = Release|Any CPU
		{3621E95C-3B04-464C-9AE7-DC259FD654FE}.Release|Any CPU.Build.0 = Release|Any CPU
		{3621E95C-3B04-464C-9AE7-DC259FD654FE}.IntegrationTest|Any CPU.ActiveCfg = Debug|Any CPU
		{3621E95C-3B04-464C-9AE7-DC259FD654FE}.IntegrationTest|Any CPU.Build.0 = Debug|Any CPU
		{3621E95C-3B04-464C-9AE7-DC259FD654FE}.Debug|iPhoneSimulator.ActiveCfg = Debug|Any CPU
		{3621E95C-3B04-464C-9AE7-DC259FD654FE}.Debug|iPhoneSimulator.Build.0 = Debug|Any CPU
		{3621E95C-3B04-464C-9AE7-DC259FD654FE}.Release|iPhoneSimulator.ActiveCfg = Release|Any CPU
		{3621E95C-3B04-464C-9AE7-DC259FD654FE}.Release|iPhoneSimulator.Build.0 = Release|Any CPU
		{3621E95C-3B04-464C-9AE7-DC259FD654FE}.Debug|iPhone.ActiveCfg = Debug|Any CPU
		{3621E95C-3B04-464C-9AE7-DC259FD654FE}.Debug|iPhone.Build.0 = Debug|Any CPU
		{3621E95C-3B04-464C-9AE7-DC259FD654FE}.Release|iPhone.ActiveCfg = Release|Any CPU
		{3621E95C-3B04-464C-9AE7-DC259FD654FE}.Release|iPhone.Build.0 = Release|Any CPU
		{3621E95C-3B04-464C-9AE7-DC259FD654FE}.Ad-Hoc|iPhone.ActiveCfg = IntegrationTest|Any CPU
		{3621E95C-3B04-464C-9AE7-DC259FD654FE}.Ad-Hoc|iPhone.Build.0 = IntegrationTest|Any CPU
		{3621E95C-3B04-464C-9AE7-DC259FD654FE}.AppStore|iPhone.ActiveCfg = IntegrationTest|Any CPU
		{3621E95C-3B04-464C-9AE7-DC259FD654FE}.AppStore|iPhone.Build.0 = IntegrationTest|Any CPU
		{AEE7AA46-2B24-4D8F-8CFF-3B9B6C62259F}.Debug|Any CPU.ActiveCfg = Debug|Any CPU
		{AEE7AA46-2B24-4D8F-8CFF-3B9B6C62259F}.Debug|Any CPU.Build.0 = Debug|Any CPU
		{AEE7AA46-2B24-4D8F-8CFF-3B9B6C62259F}.Release|Any CPU.ActiveCfg = Release|Any CPU
		{AEE7AA46-2B24-4D8F-8CFF-3B9B6C62259F}.Release|Any CPU.Build.0 = Release|Any CPU
		{AEE7AA46-2B24-4D8F-8CFF-3B9B6C62259F}.IntegrationTest|Any CPU.ActiveCfg = Debug|Any CPU
		{AEE7AA46-2B24-4D8F-8CFF-3B9B6C62259F}.IntegrationTest|Any CPU.Build.0 = Debug|Any CPU
		{AEE7AA46-2B24-4D8F-8CFF-3B9B6C62259F}.Debug|iPhoneSimulator.ActiveCfg = Debug|Any CPU
		{AEE7AA46-2B24-4D8F-8CFF-3B9B6C62259F}.Debug|iPhoneSimulator.Build.0 = Debug|Any CPU
		{AEE7AA46-2B24-4D8F-8CFF-3B9B6C62259F}.Release|iPhoneSimulator.ActiveCfg = Release|Any CPU
		{AEE7AA46-2B24-4D8F-8CFF-3B9B6C62259F}.Release|iPhoneSimulator.Build.0 = Release|Any CPU
		{AEE7AA46-2B24-4D8F-8CFF-3B9B6C62259F}.Debug|iPhone.ActiveCfg = Debug|Any CPU
		{AEE7AA46-2B24-4D8F-8CFF-3B9B6C62259F}.Debug|iPhone.Build.0 = Debug|Any CPU
		{AEE7AA46-2B24-4D8F-8CFF-3B9B6C62259F}.Release|iPhone.ActiveCfg = Release|Any CPU
		{AEE7AA46-2B24-4D8F-8CFF-3B9B6C62259F}.Release|iPhone.Build.0 = Release|Any CPU
		{AEE7AA46-2B24-4D8F-8CFF-3B9B6C62259F}.Ad-Hoc|iPhone.ActiveCfg = IntegrationTest|Any CPU
		{AEE7AA46-2B24-4D8F-8CFF-3B9B6C62259F}.Ad-Hoc|iPhone.Build.0 = IntegrationTest|Any CPU
		{AEE7AA46-2B24-4D8F-8CFF-3B9B6C62259F}.AppStore|iPhone.ActiveCfg = IntegrationTest|Any CPU
		{AEE7AA46-2B24-4D8F-8CFF-3B9B6C62259F}.AppStore|iPhone.Build.0 = IntegrationTest|Any CPU
		{C777A6CD-1F70-4F9E-9635-DAFCF284CDF5}.Debug|Any CPU.ActiveCfg = Debug|Any CPU
		{C777A6CD-1F70-4F9E-9635-DAFCF284CDF5}.Debug|Any CPU.Build.0 = Debug|Any CPU
		{C777A6CD-1F70-4F9E-9635-DAFCF284CDF5}.Release|Any CPU.ActiveCfg = Release|Any CPU
		{C777A6CD-1F70-4F9E-9635-DAFCF284CDF5}.Release|Any CPU.Build.0 = Release|Any CPU
		{C777A6CD-1F70-4F9E-9635-DAFCF284CDF5}.IntegrationTest|Any CPU.ActiveCfg = IntegrationTest|Any CPU
		{C777A6CD-1F70-4F9E-9635-DAFCF284CDF5}.IntegrationTest|Any CPU.Build.0 = IntegrationTest|Any CPU
		{C777A6CD-1F70-4F9E-9635-DAFCF284CDF5}.Debug|iPhoneSimulator.ActiveCfg = Debug|Any CPU
		{C777A6CD-1F70-4F9E-9635-DAFCF284CDF5}.Debug|iPhoneSimulator.Build.0 = Debug|Any CPU
		{C777A6CD-1F70-4F9E-9635-DAFCF284CDF5}.Release|iPhoneSimulator.ActiveCfg = Release|Any CPU
		{C777A6CD-1F70-4F9E-9635-DAFCF284CDF5}.Release|iPhoneSimulator.Build.0 = Release|Any CPU
		{C777A6CD-1F70-4F9E-9635-DAFCF284CDF5}.Debug|iPhone.ActiveCfg = Debug|Any CPU
		{C777A6CD-1F70-4F9E-9635-DAFCF284CDF5}.Debug|iPhone.Build.0 = Debug|Any CPU
		{C777A6CD-1F70-4F9E-9635-DAFCF284CDF5}.Release|iPhone.ActiveCfg = Release|Any CPU
		{C777A6CD-1F70-4F9E-9635-DAFCF284CDF5}.Release|iPhone.Build.0 = Release|Any CPU
		{C777A6CD-1F70-4F9E-9635-DAFCF284CDF5}.Ad-Hoc|iPhone.ActiveCfg = IntegrationTest|Any CPU
		{C777A6CD-1F70-4F9E-9635-DAFCF284CDF5}.Ad-Hoc|iPhone.Build.0 = IntegrationTest|Any CPU
		{C777A6CD-1F70-4F9E-9635-DAFCF284CDF5}.AppStore|iPhone.ActiveCfg = IntegrationTest|Any CPU
		{C777A6CD-1F70-4F9E-9635-DAFCF284CDF5}.AppStore|iPhone.Build.0 = IntegrationTest|Any CPU
		{29191904-3FE7-4523-A5C1-95A2F6D94B28}.Debug|Any CPU.ActiveCfg = Debug|Any CPU
		{29191904-3FE7-4523-A5C1-95A2F6D94B28}.Debug|Any CPU.Build.0 = Debug|Any CPU
		{29191904-3FE7-4523-A5C1-95A2F6D94B28}.Release|Any CPU.ActiveCfg = Release|Any CPU
		{29191904-3FE7-4523-A5C1-95A2F6D94B28}.Release|Any CPU.Build.0 = Release|Any CPU
		{29191904-3FE7-4523-A5C1-95A2F6D94B28}.IntegrationTest|Any CPU.ActiveCfg = IntegrationTest|Any CPU
		{29191904-3FE7-4523-A5C1-95A2F6D94B28}.IntegrationTest|Any CPU.Build.0 = IntegrationTest|Any CPU
		{29191904-3FE7-4523-A5C1-95A2F6D94B28}.Debug|iPhoneSimulator.ActiveCfg = Debug|Any CPU
		{29191904-3FE7-4523-A5C1-95A2F6D94B28}.Debug|iPhoneSimulator.Build.0 = Debug|Any CPU
		{29191904-3FE7-4523-A5C1-95A2F6D94B28}.Release|iPhoneSimulator.ActiveCfg = Release|Any CPU
		{29191904-3FE7-4523-A5C1-95A2F6D94B28}.Release|iPhoneSimulator.Build.0 = Release|Any CPU
		{29191904-3FE7-4523-A5C1-95A2F6D94B28}.Debug|iPhone.ActiveCfg = Debug|Any CPU
		{29191904-3FE7-4523-A5C1-95A2F6D94B28}.Debug|iPhone.Build.0 = Debug|Any CPU
		{29191904-3FE7-4523-A5C1-95A2F6D94B28}.Release|iPhone.ActiveCfg = Release|Any CPU
		{29191904-3FE7-4523-A5C1-95A2F6D94B28}.Release|iPhone.Build.0 = Release|Any CPU
		{29191904-3FE7-4523-A5C1-95A2F6D94B28}.Ad-Hoc|iPhone.ActiveCfg = IntegrationTest|Any CPU
		{29191904-3FE7-4523-A5C1-95A2F6D94B28}.Ad-Hoc|iPhone.Build.0 = IntegrationTest|Any CPU
		{29191904-3FE7-4523-A5C1-95A2F6D94B28}.AppStore|iPhone.ActiveCfg = IntegrationTest|Any CPU
		{29191904-3FE7-4523-A5C1-95A2F6D94B28}.AppStore|iPhone.Build.0 = IntegrationTest|Any CPU
		{410C1D21-F446-4BAB-8386-BF4046B66872}.Debug|Any CPU.ActiveCfg = Debug|Any CPU
		{410C1D21-F446-4BAB-8386-BF4046B66872}.Release|Any CPU.ActiveCfg = Release|Any CPU
		{410C1D21-F446-4BAB-8386-BF4046B66872}.IntegrationTest|Any CPU.ActiveCfg = Debug|Any CPU
		{410C1D21-F446-4BAB-8386-BF4046B66872}.Debug|iPhoneSimulator.ActiveCfg = Debug|Any CPU
		{410C1D21-F446-4BAB-8386-BF4046B66872}.Debug|iPhoneSimulator.Build.0 = Debug|Any CPU
		{410C1D21-F446-4BAB-8386-BF4046B66872}.Release|iPhoneSimulator.ActiveCfg = Release|Any CPU
		{410C1D21-F446-4BAB-8386-BF4046B66872}.Release|iPhoneSimulator.Build.0 = Release|Any CPU
		{410C1D21-F446-4BAB-8386-BF4046B66872}.Debug|iPhone.ActiveCfg = Debug|Any CPU
		{410C1D21-F446-4BAB-8386-BF4046B66872}.Debug|iPhone.Build.0 = Debug|Any CPU
		{410C1D21-F446-4BAB-8386-BF4046B66872}.Release|iPhone.ActiveCfg = Release|Any CPU
		{410C1D21-F446-4BAB-8386-BF4046B66872}.Release|iPhone.Build.0 = Release|Any CPU
		{410C1D21-F446-4BAB-8386-BF4046B66872}.Ad-Hoc|iPhone.ActiveCfg = Debug|Any CPU
		{410C1D21-F446-4BAB-8386-BF4046B66872}.AppStore|iPhone.ActiveCfg = Debug|Any CPU
		{64CDCFE6-A151-423D-9368-74FF884EC24E}.Debug|Any CPU.ActiveCfg = Debug|Any CPU
		{64CDCFE6-A151-423D-9368-74FF884EC24E}.Release|Any CPU.ActiveCfg = Release|Any CPU
		{64CDCFE6-A151-423D-9368-74FF884EC24E}.IntegrationTest|Any CPU.ActiveCfg = Debug|Any CPU
		{64CDCFE6-A151-423D-9368-74FF884EC24E}.Debug|iPhoneSimulator.ActiveCfg = Debug|Any CPU
		{64CDCFE6-A151-423D-9368-74FF884EC24E}.Debug|iPhoneSimulator.Build.0 = Debug|Any CPU
		{64CDCFE6-A151-423D-9368-74FF884EC24E}.Release|iPhoneSimulator.ActiveCfg = Release|Any CPU
		{64CDCFE6-A151-423D-9368-74FF884EC24E}.Release|iPhoneSimulator.Build.0 = Release|Any CPU
		{64CDCFE6-A151-423D-9368-74FF884EC24E}.Debug|iPhone.ActiveCfg = Debug|Any CPU
		{64CDCFE6-A151-423D-9368-74FF884EC24E}.Debug|iPhone.Build.0 = Debug|Any CPU
		{64CDCFE6-A151-423D-9368-74FF884EC24E}.Release|iPhone.ActiveCfg = Release|Any CPU
		{64CDCFE6-A151-423D-9368-74FF884EC24E}.Release|iPhone.Build.0 = Release|Any CPU
		{64CDCFE6-A151-423D-9368-74FF884EC24E}.Ad-Hoc|iPhone.ActiveCfg = Debug|Any CPU
		{64CDCFE6-A151-423D-9368-74FF884EC24E}.AppStore|iPhone.ActiveCfg = Debug|Any CPU
		{E9B73103-B817-43B7-8C5C-EE0BE608DC22}.Debug|Any CPU.ActiveCfg = Debug|iPhoneSimulator
		{E9B73103-B817-43B7-8C5C-EE0BE608DC22}.Release|Any CPU.ActiveCfg = Release|iPhoneSimulator
		{E9B73103-B817-43B7-8C5C-EE0BE608DC22}.IntegrationTest|Any CPU.ActiveCfg = Debug|iPhoneSimulator
		{E9B73103-B817-43B7-8C5C-EE0BE608DC22}.Debug|iPhoneSimulator.ActiveCfg = Debug|iPhoneSimulator
		{E9B73103-B817-43B7-8C5C-EE0BE608DC22}.Debug|iPhoneSimulator.Build.0 = Debug|iPhoneSimulator
		{E9B73103-B817-43B7-8C5C-EE0BE608DC22}.Release|iPhoneSimulator.ActiveCfg = Release|iPhoneSimulator
		{E9B73103-B817-43B7-8C5C-EE0BE608DC22}.Release|iPhoneSimulator.Build.0 = Release|iPhoneSimulator
		{E9B73103-B817-43B7-8C5C-EE0BE608DC22}.Debug|iPhone.ActiveCfg = Debug|iPhone
		{E9B73103-B817-43B7-8C5C-EE0BE608DC22}.Debug|iPhone.Build.0 = Debug|iPhone
		{E9B73103-B817-43B7-8C5C-EE0BE608DC22}.Release|iPhone.ActiveCfg = Release|iPhone
		{E9B73103-B817-43B7-8C5C-EE0BE608DC22}.Release|iPhone.Build.0 = Release|iPhone
		{E9B73103-B817-43B7-8C5C-EE0BE608DC22}.Ad-Hoc|iPhone.ActiveCfg = Ad-Hoc|iPhone
		{E9B73103-B817-43B7-8C5C-EE0BE608DC22}.AppStore|iPhone.ActiveCfg = AppStore|iPhone
	EndGlobalSection
	GlobalSection(NestedProjects) = preSolution
		{29191904-3FE7-4523-A5C1-95A2F6D94B28} = {444728D4-DFB6-4CD0-B52A-C79665AB1542}
		{D85AE287-27F6-4064-8808-295F1C47A202} = {444728D4-DFB6-4CD0-B52A-C79665AB1542}
		{410C1D21-F446-4BAB-8386-BF4046B66872} = {D85AE287-27F6-4064-8808-295F1C47A202}
		{64CDCFE6-A151-423D-9368-74FF884EC24E} = {D85AE287-27F6-4064-8808-295F1C47A202}
		{E9B73103-B817-43B7-8C5C-EE0BE608DC22} = {D85AE287-27F6-4064-8808-295F1C47A202}
	EndGlobalSection
EndGlobal
